// !$*UTF8*$!
{
	archiveVersion = 1;
	classes = {
	};
	objectVersion = 56;
	objects = {

/* Begin PBXBuildFile section */
		A047D34B2B7CB75A00F897E4 /* AppDelegate.swift in Sources */ = {isa = PBXBuildFile; fileRef = A047D34A2B7CB75A00F897E4 /* AppDelegate.swift */; };
		A047D34D2B7CB75A00F897E4 /* SceneDelegate.swift in Sources */ = {isa = PBXBuildFile; fileRef = A047D34C2B7CB75A00F897E4 /* SceneDelegate.swift */; };
		A047D34F2B7CB75A00F897E4 /* ViewController.swift in Sources */ = {isa = PBXBuildFile; fileRef = A047D34E2B7CB75A00F897E4 /* ViewController.swift */; };
		A047D3522B7CB75A00F897E4 /* Main.storyboard in Resources */ = {isa = PBXBuildFile; fileRef = A047D3502B7CB75A00F897E4 /* Main.storyboard */; };
		A047D3542B7CB75D00F897E4 /* Assets.xcassets in Resources */ = {isa = PBXBuildFile; fileRef = A047D3532B7CB75D00F897E4 /* Assets.xcassets */; };
		A047D3572B7CB75D00F897E4 /* LaunchScreen.storyboard in Resources */ = {isa = PBXBuildFile; fileRef = A047D3552B7CB75D00F897E4 /* LaunchScreen.storyboard */; };
		A047D3602B7CB95300F897E4 /* BaseViewController.swift in Sources */ = {isa = PBXBuildFile; fileRef = A047D35F2B7CB95300F897E4 /* BaseViewController.swift */; };
		A047D3632B7CBA0700F897E4 /* MainViewController.swift in Sources */ = {isa = PBXBuildFile; fileRef = A047D3622B7CBA0700F897E4 /* MainViewController.swift */; };
		A047D3662B7D4ED200F897E4 /* SnapKit in Frameworks */ = {isa = PBXBuildFile; productRef = A047D3652B7D4ED200F897E4 /* SnapKit */; };
		A047D36B2B7D547200F897E4 /* AddTodoViewController.swift in Sources */ = {isa = PBXBuildFile; fileRef = A047D36A2B7D547200F897E4 /* AddTodoViewController.swift */; };
		A047D36D2B7D5C0700F897E4 /* DateViewController.swift in Sources */ = {isa = PBXBuildFile; fileRef = A047D36C2B7D5C0700F897E4 /* DateViewController.swift */; };
		A047D36F2B7D5C1500F897E4 /* TagViewController.swift in Sources */ = {isa = PBXBuildFile; fileRef = A047D36E2B7D5C1500F897E4 /* TagViewController.swift */; };
		A047D3712B7D5C1D00F897E4 /* PriorityViewController.swift in Sources */ = {isa = PBXBuildFile; fileRef = A047D3702B7D5C1D00F897E4 /* PriorityViewController.swift */; };
		A047D3742B7D8A0A00F897E4 /* MainItemCollectionViewCell.swift in Sources */ = {isa = PBXBuildFile; fileRef = A047D3732B7D8A0900F897E4 /* MainItemCollectionViewCell.swift */; };
		A047D3762B7D8A1800F897E4 /* BaseCollectionViewCell.swift in Sources */ = {isa = PBXBuildFile; fileRef = A047D3752B7D8A1800F897E4 /* BaseCollectionViewCell.swift */; };
		A047D3792B7DA6FA00F897E4 /* Date+Extension.swift in Sources */ = {isa = PBXBuildFile; fileRef = A047D3782B7DA6FA00F897E4 /* Date+Extension.swift */; };
		A047D3842B7DFA0300F897E4 /* CircleIcon.swift in Sources */ = {isa = PBXBuildFile; fileRef = A047D3832B7DFA0300F897E4 /* CircleIcon.swift */; };
		A047D3892B7DFFAB00F897E4 /* Realm in Frameworks */ = {isa = PBXBuildFile; productRef = A047D3882B7DFFAB00F897E4 /* Realm */; };
		A047D38B2B7DFFAB00F897E4 /* RealmSwift in Frameworks */ = {isa = PBXBuildFile; productRef = A047D38A2B7DFFAB00F897E4 /* RealmSwift */; };
		A047D38E2B7E002200F897E4 /* ReminderModel.swift in Sources */ = {isa = PBXBuildFile; fileRef = A047D38D2B7E002200F897E4 /* ReminderModel.swift */; };
/* End PBXBuildFile section */

/* Begin PBXFileReference section */
		A047D3472B7CB75A00F897E4 /* Reminder.app */ = {isa = PBXFileReference; explicitFileType = wrapper.application; includeInIndex = 0; path = Reminder.app; sourceTree = BUILT_PRODUCTS_DIR; };
		A047D34A2B7CB75A00F897E4 /* AppDelegate.swift */ = {isa = PBXFileReference; lastKnownFileType = sourcecode.swift; path = AppDelegate.swift; sourceTree = "<group>"; };
		A047D34C2B7CB75A00F897E4 /* SceneDelegate.swift */ = {isa = PBXFileReference; lastKnownFileType = sourcecode.swift; path = SceneDelegate.swift; sourceTree = "<group>"; };
		A047D34E2B7CB75A00F897E4 /* ViewController.swift */ = {isa = PBXFileReference; lastKnownFileType = sourcecode.swift; path = ViewController.swift; sourceTree = "<group>"; };
		A047D3512B7CB75A00F897E4 /* Base */ = {isa = PBXFileReference; lastKnownFileType = file.storyboard; name = Base; path = Base.lproj/Main.storyboard; sourceTree = "<group>"; };
		A047D3532B7CB75D00F897E4 /* Assets.xcassets */ = {isa = PBXFileReference; lastKnownFileType = folder.assetcatalog; path = Assets.xcassets; sourceTree = "<group>"; };
		A047D3562B7CB75D00F897E4 /* Base */ = {isa = PBXFileReference; lastKnownFileType = file.storyboard; name = Base; path = Base.lproj/LaunchScreen.storyboard; sourceTree = "<group>"; };
		A047D3582B7CB75D00F897E4 /* Info.plist */ = {isa = PBXFileReference; lastKnownFileType = text.plist.xml; path = Info.plist; sourceTree = "<group>"; };
		A047D35F2B7CB95300F897E4 /* BaseViewController.swift */ = {isa = PBXFileReference; lastKnownFileType = sourcecode.swift; path = BaseViewController.swift; sourceTree = "<group>"; };
		A047D3622B7CBA0700F897E4 /* MainViewController.swift */ = {isa = PBXFileReference; lastKnownFileType = sourcecode.swift; path = MainViewController.swift; sourceTree = "<group>"; };
		A047D36A2B7D547200F897E4 /* AddTodoViewController.swift */ = {isa = PBXFileReference; lastKnownFileType = sourcecode.swift; path = AddTodoViewController.swift; sourceTree = "<group>"; };
		A047D36C2B7D5C0700F897E4 /* DateViewController.swift */ = {isa = PBXFileReference; lastKnownFileType = sourcecode.swift; path = DateViewController.swift; sourceTree = "<group>"; };
		A047D36E2B7D5C1500F897E4 /* TagViewController.swift */ = {isa = PBXFileReference; lastKnownFileType = sourcecode.swift; path = TagViewController.swift; sourceTree = "<group>"; };
		A047D3702B7D5C1D00F897E4 /* PriorityViewController.swift */ = {isa = PBXFileReference; lastKnownFileType = sourcecode.swift; path = PriorityViewController.swift; sourceTree = "<group>"; };
		A047D3732B7D8A0900F897E4 /* MainItemCollectionViewCell.swift */ = {isa = PBXFileReference; lastKnownFileType = sourcecode.swift; path = MainItemCollectionViewCell.swift; sourceTree = "<group>"; };
		A047D3752B7D8A1800F897E4 /* BaseCollectionViewCell.swift */ = {isa = PBXFileReference; lastKnownFileType = sourcecode.swift; path = BaseCollectionViewCell.swift; sourceTree = "<group>"; };
		A047D3782B7DA6FA00F897E4 /* Date+Extension.swift */ = {isa = PBXFileReference; lastKnownFileType = sourcecode.swift; path = "Date+Extension.swift"; sourceTree = "<group>"; };
		A047D3832B7DFA0300F897E4 /* CircleIcon.swift */ = {isa = PBXFileReference; lastKnownFileType = sourcecode.swift; path = CircleIcon.swift; sourceTree = "<group>"; };
		A047D38D2B7E002200F897E4 /* ReminderModel.swift */ = {isa = PBXFileReference; lastKnownFileType = sourcecode.swift; path = ReminderModel.swift; sourceTree = "<group>"; };
/* End PBXFileReference section */

/* Begin PBXFrameworksBuildPhase section */
		A047D3442B7CB75900F897E4 /* Frameworks */ = {
			isa = PBXFrameworksBuildPhase;
			buildActionMask = 2147483647;
			files = (
				A047D38B2B7DFFAB00F897E4 /* RealmSwift in Frameworks */,
				A047D3892B7DFFAB00F897E4 /* Realm in Frameworks */,
				A047D3662B7D4ED200F897E4 /* SnapKit in Frameworks */,
			);
			runOnlyForDeploymentPostprocessing = 0;
		};
/* End PBXFrameworksBuildPhase section */

/* Begin PBXGroup section */
		A047D33E2B7CB75900F897E4 = {
			isa = PBXGroup;
			children = (
				A047D3492B7CB75A00F897E4 /* Reminder */,
				A047D3482B7CB75A00F897E4 /* Products */,
			);
			sourceTree = "<group>";
		};
		A047D3482B7CB75A00F897E4 /* Products */ = {
			isa = PBXGroup;
			children = (
				A047D3472B7CB75A00F897E4 /* Reminder.app */,
			);
			name = Products;
			sourceTree = "<group>";
		};
		A047D3492B7CB75A00F897E4 /* Reminder */ = {
			isa = PBXGroup;
			children = (
				A047D38C2B7DFFDB00F897E4 /* Model */,
				A047D3822B7DF9DB00F897E4 /* Component */,
				A047D3772B7DA6EE00F897E4 /* Extension */,
				A047D3722B7D5C3700F897E4 /* Add */,
				A047D3612B7CB9C700F897E4 /* Main */,
				A047D35E2B7CB94600F897E4 /* Base */,
				A047D34A2B7CB75A00F897E4 /* AppDelegate.swift */,
				A047D34C2B7CB75A00F897E4 /* SceneDelegate.swift */,
				A047D34E2B7CB75A00F897E4 /* ViewController.swift */,
				A047D3502B7CB75A00F897E4 /* Main.storyboard */,
				A047D3532B7CB75D00F897E4 /* Assets.xcassets */,
				A047D3552B7CB75D00F897E4 /* LaunchScreen.storyboard */,
				A047D3582B7CB75D00F897E4 /* Info.plist */,
			);
			path = Reminder;
			sourceTree = "<group>";
		};
		A047D35E2B7CB94600F897E4 /* Base */ = {
			isa = PBXGroup;
			children = (
				A047D35F2B7CB95300F897E4 /* BaseViewController.swift */,
				A047D3752B7D8A1800F897E4 /* BaseCollectionViewCell.swift */,
			);
			path = Base;
			sourceTree = "<group>";
		};
		A047D3612B7CB9C700F897E4 /* Main */ = {
			isa = PBXGroup;
			children = (
				A047D3622B7CBA0700F897E4 /* MainViewController.swift */,
				A047D3732B7D8A0900F897E4 /* MainItemCollectionViewCell.swift */,
			);
			path = Main;
			sourceTree = "<group>";
		};
		A047D3722B7D5C3700F897E4 /* Add */ = {
			isa = PBXGroup;
			children = (
				A047D36A2B7D547200F897E4 /* AddTodoViewController.swift */,
				A047D36C2B7D5C0700F897E4 /* DateViewController.swift */,
				A047D36E2B7D5C1500F897E4 /* TagViewController.swift */,
				A047D3702B7D5C1D00F897E4 /* PriorityViewController.swift */,
			);
			path = Add;
			sourceTree = "<group>";
		};
		A047D3772B7DA6EE00F897E4 /* Extension */ = {
			isa = PBXGroup;
			children = (
				A047D3782B7DA6FA00F897E4 /* Date+Extension.swift */,
			);
			path = Extension;
			sourceTree = "<group>";
		};
		A047D3822B7DF9DB00F897E4 /* Component */ = {
			isa = PBXGroup;
			children = (
				A047D3832B7DFA0300F897E4 /* CircleIcon.swift */,
			);
			path = Component;
			sourceTree = "<group>";
		};
		A047D38C2B7DFFDB00F897E4 /* Model */ = {
			isa = PBXGroup;
			children = (
				A047D38D2B7E002200F897E4 /* ReminderModel.swift */,
			);
			path = Model;
			sourceTree = "<group>";
		};
/* End PBXGroup section */

/* Begin PBXNativeTarget section */
		A047D3462B7CB75900F897E4 /* Reminder */ = {
			isa = PBXNativeTarget;
			buildConfigurationList = A047D35B2B7CB75D00F897E4 /* Build configuration list for PBXNativeTarget "Reminder" */;
			buildPhases = (
				A047D3432B7CB75900F897E4 /* Sources */,
				A047D3442B7CB75900F897E4 /* Frameworks */,
				A047D3452B7CB75900F897E4 /* Resources */,
			);
			buildRules = (
			);
			dependencies = (
			);
			name = Reminder;
			packageProductDependencies = (
				A047D3652B7D4ED200F897E4 /* SnapKit */,
				A047D3882B7DFFAB00F897E4 /* Realm */,
				A047D38A2B7DFFAB00F897E4 /* RealmSwift */,
			);
			productName = Reminder;
			productReference = A047D3472B7CB75A00F897E4 /* Reminder.app */;
			productType = "com.apple.product-type.application";
		};
/* End PBXNativeTarget section */

/* Begin PBXProject section */
		A047D33F2B7CB75900F897E4 /* Project object */ = {
			isa = PBXProject;
			attributes = {
				BuildIndependentTargetsInParallel = 1;
				LastSwiftUpdateCheck = 1520;
				LastUpgradeCheck = 1520;
				TargetAttributes = {
					A047D3462B7CB75900F897E4 = {
						CreatedOnToolsVersion = 15.2;
					};
				};
			};
			buildConfigurationList = A047D3422B7CB75900F897E4 /* Build configuration list for PBXProject "Reminder" */;
			compatibilityVersion = "Xcode 14.0";
			developmentRegion = en;
			hasScannedForEncodings = 0;
			knownRegions = (
				en,
				Base,
			);
			mainGroup = A047D33E2B7CB75900F897E4;
			packageReferences = (
				A047D3642B7D4ED200F897E4 /* XCRemoteSwiftPackageReference "SnapKit" */,
				A047D3872B7DFFAB00F897E4 /* XCRemoteSwiftPackageReference "realm-swift" */,
			);
			productRefGroup = A047D3482B7CB75A00F897E4 /* Products */;
			projectDirPath = "";
			projectRoot = "";
			targets = (
				A047D3462B7CB75900F897E4 /* Reminder */,
			);
		};
/* End PBXProject section */

/* Begin PBXResourcesBuildPhase section */
		A047D3452B7CB75900F897E4 /* Resources */ = {
			isa = PBXResourcesBuildPhase;
			buildActionMask = 2147483647;
			files = (
				A047D3572B7CB75D00F897E4 /* LaunchScreen.storyboard in Resources */,
				A047D3542B7CB75D00F897E4 /* Assets.xcassets in Resources */,
				A047D3522B7CB75A00F897E4 /* Main.storyboard in Resources */,
			);
			runOnlyForDeploymentPostprocessing = 0;
		};
/* End PBXResourcesBuildPhase section */

/* Begin PBXSourcesBuildPhase section */
		A047D3432B7CB75900F897E4 /* Sources */ = {
			isa = PBXSourcesBuildPhase;
			buildActionMask = 2147483647;
			files = (
				A047D3742B7D8A0A00F897E4 /* MainItemCollectionViewCell.swift in Sources */,
				A047D34F2B7CB75A00F897E4 /* ViewController.swift in Sources */,
				A047D3602B7CB95300F897E4 /* BaseViewController.swift in Sources */,
				A047D36D2B7D5C0700F897E4 /* DateViewController.swift in Sources */,
				A047D3762B7D8A1800F897E4 /* BaseCollectionViewCell.swift in Sources */,
				A047D38E2B7E002200F897E4 /* ReminderModel.swift in Sources */,
				A047D3792B7DA6FA00F897E4 /* Date+Extension.swift in Sources */,
				A047D34B2B7CB75A00F897E4 /* AppDelegate.swift in Sources */,
				A047D34D2B7CB75A00F897E4 /* SceneDelegate.swift in Sources */,
				A047D3712B7D5C1D00F897E4 /* PriorityViewController.swift in Sources */,
				A047D36F2B7D5C1500F897E4 /* TagViewController.swift in Sources */,
				A047D36B2B7D547200F897E4 /* AddTodoViewController.swift in Sources */,
				A047D3632B7CBA0700F897E4 /* MainViewController.swift in Sources */,
				A047D3842B7DFA0300F897E4 /* CircleIcon.swift in Sources */,
			);
			runOnlyForDeploymentPostprocessing = 0;
		};
/* End PBXSourcesBuildPhase section */

/* Begin PBXVariantGroup section */
		A047D3502B7CB75A00F897E4 /* Main.storyboard */ = {
			isa = PBXVariantGroup;
			children = (
				A047D3512B7CB75A00F897E4 /* Base */,
			);
			name = Main.storyboard;
			sourceTree = "<group>";
		};
		A047D3552B7CB75D00F897E4 /* LaunchScreen.storyboard */ = {
			isa = PBXVariantGroup;
			children = (
				A047D3562B7CB75D00F897E4 /* Base */,
			);
			name = LaunchScreen.storyboard;
			sourceTree = "<group>";
		};
/* End PBXVariantGroup section */

/* Begin XCBuildConfiguration section */
		A047D3592B7CB75D00F897E4 /* Debug */ = {
			isa = XCBuildConfiguration;
			buildSettings = {
				ALWAYS_SEARCH_USER_PATHS = NO;
				ASSETCATALOG_COMPILER_GENERATE_SWIFT_ASSET_SYMBOL_EXTENSIONS = YES;
				CLANG_ANALYZER_NONNULL = YES;
				CLANG_ANALYZER_NUMBER_OBJECT_CONVERSION = YES_AGGRESSIVE;
				CLANG_CXX_LANGUAGE_STANDARD = "gnu++20";
				CLANG_ENABLE_MODULES = YES;
				CLANG_ENABLE_OBJC_ARC = YES;
				CLANG_ENABLE_OBJC_WEAK = YES;
				CLANG_WARN_BLOCK_CAPTURE_AUTORELEASING = YES;
				CLANG_WARN_BOOL_CONVERSION = YES;
				CLANG_WARN_COMMA = YES;
				CLANG_WARN_CONSTANT_CONVERSION = YES;
				CLANG_WARN_DEPRECATED_OBJC_IMPLEMENTATIONS = YES;
				CLANG_WARN_DIRECT_OBJC_ISA_USAGE = YES_ERROR;
				CLANG_WARN_DOCUMENTATION_COMMENTS = YES;
				CLANG_WARN_EMPTY_BODY = YES;
				CLANG_WARN_ENUM_CONVERSION = YES;
				CLANG_WARN_INFINITE_RECURSION = YES;
				CLANG_WARN_INT_CONVERSION = YES;
				CLANG_WARN_NON_LITERAL_NULL_CONVERSION = YES;
				CLANG_WARN_OBJC_IMPLICIT_RETAIN_SELF = YES;
				CLANG_WARN_OBJC_LITERAL_CONVERSION = YES;
				CLANG_WARN_OBJC_ROOT_CLASS = YES_ERROR;
				CLANG_WARN_QUOTED_INCLUDE_IN_FRAMEWORK_HEADER = YES;
				CLANG_WARN_RANGE_LOOP_ANALYSIS = YES;
				CLANG_WARN_STRICT_PROTOTYPES = YES;
				CLANG_WARN_SUSPICIOUS_MOVE = YES;
				CLANG_WARN_UNGUARDED_AVAILABILITY = YES_AGGRESSIVE;
				CLANG_WARN_UNREACHABLE_CODE = YES;
				CLANG_WARN__DUPLICATE_METHOD_MATCH = YES;
				COPY_PHASE_STRIP = NO;
				DEBUG_INFORMATION_FORMAT = dwarf;
				ENABLE_STRICT_OBJC_MSGSEND = YES;
				ENABLE_TESTABILITY = YES;
				ENABLE_USER_SCRIPT_SANDBOXING = YES;
				GCC_C_LANGUAGE_STANDARD = gnu17;
				GCC_DYNAMIC_NO_PIC = NO;
				GCC_NO_COMMON_BLOCKS = YES;
				GCC_OPTIMIZATION_LEVEL = 0;
				GCC_PREPROCESSOR_DEFINITIONS = (
					"DEBUG=1",
					"$(inherited)",
				);
				GCC_WARN_64_TO_32_BIT_CONVERSION = YES;
				GCC_WARN_ABOUT_RETURN_TYPE = YES_ERROR;
				GCC_WARN_UNDECLARED_SELECTOR = YES;
				GCC_WARN_UNINITIALIZED_AUTOS = YES_AGGRESSIVE;
				GCC_WARN_UNUSED_FUNCTION = YES;
				GCC_WARN_UNUSED_VARIABLE = YES;
				IPHONEOS_DEPLOYMENT_TARGET = 17.2;
				LOCALIZATION_PREFERS_STRING_CATALOGS = YES;
				MTL_ENABLE_DEBUG_INFO = INCLUDE_SOURCE;
				MTL_FAST_MATH = YES;
				ONLY_ACTIVE_ARCH = YES;
				SDKROOT = iphoneos;
				SWIFT_ACTIVE_COMPILATION_CONDITIONS = "DEBUG $(inherited)";
				SWIFT_OPTIMIZATION_LEVEL = "-Onone";
			};
			name = Debug;
		};
		A047D35A2B7CB75D00F897E4 /* Release */ = {
			isa = XCBuildConfiguration;
			buildSettings = {
				ALWAYS_SEARCH_USER_PATHS = NO;
				ASSETCATALOG_COMPILER_GENERATE_SWIFT_ASSET_SYMBOL_EXTENSIONS = YES;
				CLANG_ANALYZER_NONNULL = YES;
				CLANG_ANALYZER_NUMBER_OBJECT_CONVERSION = YES_AGGRESSIVE;
				CLANG_CXX_LANGUAGE_STANDARD = "gnu++20";
				CLANG_ENABLE_MODULES = YES;
				CLANG_ENABLE_OBJC_ARC = YES;
				CLANG_ENABLE_OBJC_WEAK = YES;
				CLANG_WARN_BLOCK_CAPTURE_AUTORELEASING = YES;
				CLANG_WARN_BOOL_CONVERSION = YES;
				CLANG_WARN_COMMA = YES;
				CLANG_WARN_CONSTANT_CONVERSION = YES;
				CLANG_WARN_DEPRECATED_OBJC_IMPLEMENTATIONS = YES;
				CLANG_WARN_DIRECT_OBJC_ISA_USAGE = YES_ERROR;
				CLANG_WARN_DOCUMENTATION_COMMENTS = YES;
				CLANG_WARN_EMPTY_BODY = YES;
				CLANG_WARN_ENUM_CONVERSION = YES;
				CLANG_WARN_INFINITE_RECURSION = YES;
				CLANG_WARN_INT_CONVERSION = YES;
				CLANG_WARN_NON_LITERAL_NULL_CONVERSION = YES;
				CLANG_WARN_OBJC_IMPLICIT_RETAIN_SELF = YES;
				CLANG_WARN_OBJC_LITERAL_CONVERSION = YES;
				CLANG_WARN_OBJC_ROOT_CLASS = YES_ERROR;
				CLANG_WARN_QUOTED_INCLUDE_IN_FRAMEWORK_HEADER = YES;
				CLANG_WARN_RANGE_LOOP_ANALYSIS = YES;
				CLANG_WARN_STRICT_PROTOTYPES = YES;
				CLANG_WARN_SUSPICIOUS_MOVE = YES;
				CLANG_WARN_UNGUARDED_AVAILABILITY = YES_AGGRESSIVE;
				CLANG_WARN_UNREACHABLE_CODE = YES;
				CLANG_WARN__DUPLICATE_METHOD_MATCH = YES;
				COPY_PHASE_STRIP = NO;
				DEBUG_INFORMATION_FORMAT = "dwarf-with-dsym";
				ENABLE_NS_ASSERTIONS = NO;
				ENABLE_STRICT_OBJC_MSGSEND = YES;
				ENABLE_USER_SCRIPT_SANDBOXING = YES;
				GCC_C_LANGUAGE_STANDARD = gnu17;
				GCC_NO_COMMON_BLOCKS = YES;
				GCC_WARN_64_TO_32_BIT_CONVERSION = YES;
				GCC_WARN_ABOUT_RETURN_TYPE = YES_ERROR;
				GCC_WARN_UNDECLARED_SELECTOR = YES;
				GCC_WARN_UNINITIALIZED_AUTOS = YES_AGGRESSIVE;
				GCC_WARN_UNUSED_FUNCTION = YES;
				GCC_WARN_UNUSED_VARIABLE = YES;
				IPHONEOS_DEPLOYMENT_TARGET = 17.2;
				LOCALIZATION_PREFERS_STRING_CATALOGS = YES;
				MTL_ENABLE_DEBUG_INFO = NO;
				MTL_FAST_MATH = YES;
				SDKROOT = iphoneos;
				SWIFT_COMPILATION_MODE = wholemodule;
				VALIDATE_PRODUCT = YES;
			};
			name = Release;
		};
		A047D35C2B7CB75D00F897E4 /* Debug */ = {
			isa = XCBuildConfiguration;
			buildSettings = {
				ASSETCATALOG_COMPILER_APPICON_NAME = AppIcon;
				ASSETCATALOG_COMPILER_GLOBAL_ACCENT_COLOR_NAME = AccentColor;
				CODE_SIGN_STYLE = Automatic;
				CURRENT_PROJECT_VERSION = 1;
				DEVELOPMENT_TEAM = 47VP7M3T34;
				GENERATE_INFOPLIST_FILE = YES;
				INFOPLIST_FILE = Reminder/Info.plist;
				INFOPLIST_KEY_UIApplicationSupportsIndirectInputEvents = YES;
				INFOPLIST_KEY_UILaunchStoryboardName = LaunchScreen;
				INFOPLIST_KEY_UIMainStoryboardFile = Main;
				INFOPLIST_KEY_UISupportedInterfaceOrientations_iPad = "UIInterfaceOrientationPortrait UIInterfaceOrientationPortraitUpsideDown UIInterfaceOrientationLandscapeLeft UIInterfaceOrientationLandscapeRight";
				INFOPLIST_KEY_UISupportedInterfaceOrientations_iPhone = "UIInterfaceOrientationPortrait UIInterfaceOrientationLandscapeLeft UIInterfaceOrientationLandscapeRight";
				IPHONEOS_DEPLOYMENT_TARGET = 17.0;
				LD_RUNPATH_SEARCH_PATHS = (
					"$(inherited)",
					"@executable_path/Frameworks",
				);
				MARKETING_VERSION = 1.0;
				PRODUCT_BUNDLE_IDENTIFIER = com.Seou.Reminder;
				PRODUCT_NAME = "$(TARGET_NAME)";
				SUPPORTED_PLATFORMS = "iphoneos iphonesimulator";
				SUPPORTS_MACCATALYST = NO;
				SUPPORTS_MAC_DESIGNED_FOR_IPHONE_IPAD = NO;
				SUPPORTS_XR_DESIGNED_FOR_IPHONE_IPAD = NO;
				SWIFT_EMIT_LOC_STRINGS = YES;
				SWIFT_VERSION = 5.0;
				TARGETED_DEVICE_FAMILY = 1;
			};
			name = Debug;
		};
		A047D35D2B7CB75D00F897E4 /* Release */ = {
			isa = XCBuildConfiguration;
			buildSettings = {
				ASSETCATALOG_COMPILER_APPICON_NAME = AppIcon;
				ASSETCATALOG_COMPILER_GLOBAL_ACCENT_COLOR_NAME = AccentColor;
				CODE_SIGN_STYLE = Automatic;
				CURRENT_PROJECT_VERSION = 1;
				DEVELOPMENT_TEAM = 47VP7M3T34;
				GENERATE_INFOPLIST_FILE = YES;
				INFOPLIST_FILE = Reminder/Info.plist;
				INFOPLIST_KEY_UIApplicationSupportsIndirectInputEvents = YES;
				INFOPLIST_KEY_UILaunchStoryboardName = LaunchScreen;
				INFOPLIST_KEY_UIMainStoryboardFile = Main;
				INFOPLIST_KEY_UISupportedInterfaceOrientations_iPad = "UIInterfaceOrientationPortrait UIInterfaceOrientationPortraitUpsideDown UIInterfaceOrientationLandscapeLeft UIInterfaceOrientationLandscapeRight";
				INFOPLIST_KEY_UISupportedInterfaceOrientations_iPhone = "UIInterfaceOrientationPortrait UIInterfaceOrientationLandscapeLeft UIInterfaceOrientationLandscapeRight";
				IPHONEOS_DEPLOYMENT_TARGET = 17.0;
				LD_RUNPATH_SEARCH_PATHS = (
					"$(inherited)",
					"@executable_path/Frameworks",
				);
				MARKETING_VERSION = 1.0;
				PRODUCT_BUNDLE_IDENTIFIER = com.Seou.Reminder;
				PRODUCT_NAME = "$(TARGET_NAME)";
				SUPPORTED_PLATFORMS = "iphoneos iphonesimulator";
				SUPPORTS_MACCATALYST = NO;
				SUPPORTS_MAC_DESIGNED_FOR_IPHONE_IPAD = NO;
				SUPPORTS_XR_DESIGNED_FOR_IPHONE_IPAD = NO;
				SWIFT_EMIT_LOC_STRINGS = YES;
				SWIFT_VERSION = 5.0;
				TARGETED_DEVICE_FAMILY = 1;
			};
			name = Release;
		};
/* End XCBuildConfiguration section */

/* Begin XCConfigurationList section */
		A047D3422B7CB75900F897E4 /* Build configuration list for PBXProject "Reminder" */ = {
			isa = XCConfigurationList;
			buildConfigurations = (
				A047D3592B7CB75D00F897E4 /* Debug */,
				A047D35A2B7CB75D00F897E4 /* Release */,
			);
			defaultConfigurationIsVisible = 0;
			defaultConfigurationName = Release;
		};
		A047D35B2B7CB75D00F897E4 /* Build configuration list for PBXNativeTarget "Reminder" */ = {
			isa = XCConfigurationList;
			buildConfigurations = (
				A047D35C2B7CB75D00F897E4 /* Debug */,
				A047D35D2B7CB75D00F897E4 /* Release */,
			);
			defaultConfigurationIsVisible = 0;
			defaultConfigurationName = Release;
		};
/* End XCConfigurationList section */

/* Begin XCRemoteSwiftPackageReference section */
		A047D3642B7D4ED200F897E4 /* XCRemoteSwiftPackageReference "SnapKit" */ = {
			isa = XCRemoteSwiftPackageReference;
			repositoryURL = "https://github.com/SnapKit/SnapKit.git";
			requirement = {
				kind = upToNextMajorVersion;
				minimumVersion = 5.7.0;
			};
		};
		A047D3872B7DFFAB00F897E4 /* XCRemoteSwiftPackageReference "realm-swift" */ = {
			isa = XCRemoteSwiftPackageReference;
			repositoryURL = "https://github.com/realm/realm-swift.git";
			requirement = {
				branch = master;
				kind = branch;
			};
		};
/* End XCRemoteSwiftPackageReference section */

/* Begin XCSwiftPackageProductDependency section */
		A047D3652B7D4ED200F897E4 /* SnapKit */ = {
			isa = XCSwiftPackageProductDependency;
			package = A047D3642B7D4ED200F897E4 /* XCRemoteSwiftPackageReference "SnapKit" */;
			productName = SnapKit;
		};
		A047D3882B7DFFAB00F897E4 /* Realm */ = {
			isa = XCSwiftPackageProductDependency;
			package = A047D3872B7DFFAB00F897E4 /* XCRemoteSwiftPackageReference "realm-swift" */;
			productName = Realm;
		};
		A047D38A2B7DFFAB00F897E4 /* RealmSwift */ = {
			isa = XCSwiftPackageProductDependency;
			package = A047D3872B7DFFAB00F897E4 /* XCRemoteSwiftPackageReference "realm-swift" */;
			productName = RealmSwift;
		};
/* End XCSwiftPackageProductDependency section */
	};
	rootObject = A047D33F2B7CB75900F897E4 /* Project object */;
}
